
Microsoft Visual Studio Solution File, Format Version 12.00
# Visual Studio Version 17
VisualStudioVersion = 17.12.35527.113
MinimumVisualStudioVersion = 10.0.40219.1
Project("{FAE04EC0-301F-11D3-BF4B-00C04F79EFBC}") = "SGBLApp", "SGBLApp\SGBLApp.csproj", "{995E2DE3-D5CE-4134-B84B-3BFD8E3F76DD}"
EndProject
Project("{2150E333-8FDC-42A3-9474-1A3956D46DE8}") = "Source", "Source", "{E63C38D2-84E2-4904-9A2B-853839890715}"
EndProject
Project("{2150E333-8FDC-42A3-9474-1A3956D46DE8}") = "Core", "Core", "{ECCD9171-1AD1-4E3E-AD9E-F2C767A30410}"
EndProject
Project("{2150E333-8FDC-42A3-9474-1A3956D46DE8}") = "Infraestructure", "Infraestructure", "{4BB12734-A280-4BC9-B25E-853D3D3525D3}"
EndProject
Project("{2150E333-8FDC-42A3-9474-1A3956D46DE8}") = "WebApp", "WebApp", "{FB1DB43E-0D34-4B27-A1ED-EC92FBF540B6}"
EndProject
Project("{FAE04EC0-301F-11D3-BF4B-00C04F79EFBC}") = "SGBLApp.Core.Domain", "SGBLApp.Core.Domain\SGBLApp.Core.Domain.csproj", "{C1F7302A-25C3-461D-BC96-3F889FB1750E}"
EndProject
Project("{FAE04EC0-301F-11D3-BF4B-00C04F79EFBC}") = "SGBLApp.Core.Application", "SGBLApp.Core.Application\SGBLApp.Core.Application.csproj", "{8DE9E6F6-37FD-4EB1-A701-DE94B3519525}"
EndProject
Project("{FAE04EC0-301F-11D3-BF4B-00C04F79EFBC}") = "SGBLApp.Infraestructure.Persistence", "SGBLApp.Infraestructure.Persistence\SGBLApp.Infraestructure.Persistence.csproj", "{BAAC72A1-E72C-4198-A9CD-778648E86413}"
EndProject
Global
	GlobalSection(SolutionConfigurationPlatforms) = preSolution
		Debug|Any CPU = Debug|Any CPU
		Release|Any CPU = Release|Any CPU
	EndGlobalSection
	GlobalSection(ProjectConfigurationPlatforms) = postSolution
		{995E2DE3-D5CE-4134-B84B-3BFD8E3F76DD}.Debug|Any CPU.ActiveCfg = Debug|Any CPU
		{995E2DE3-D5CE-4134-B84B-3BFD8E3F76DD}.Debug|Any CPU.Build.0 = Debug|Any CPU
		{995E2DE3-D5CE-4134-B84B-3BFD8E3F76DD}.Release|Any CPU.ActiveCfg = Release|Any CPU
		{995E2DE3-D5CE-4134-B84B-3BFD8E3F76DD}.Release|Any CPU.Build.0 = Release|Any CPU
		{C1F7302A-25C3-461D-BC96-3F889FB1750E}.Debug|Any CPU.ActiveCfg = Debug|Any CPU
		{C1F7302A-25C3-461D-BC96-3F889FB1750E}.Debug|Any CPU.Build.0 = Debug|Any CPU
		{C1F7302A-25C3-461D-BC96-3F889FB1750E}.Release|Any CPU.ActiveCfg = Release|Any CPU
		{C1F7302A-25C3-461D-BC96-3F889FB1750E}.Release|Any CPU.Build.0 = Release|Any CPU
		{8DE9E6F6-37FD-4EB1-A701-DE94B3519525}.Debug|Any CPU.ActiveCfg = Debug|Any CPU
		{8DE9E6F6-37FD-4EB1-A701-DE94B3519525}.Debug|Any CPU.Build.0 = Debug|Any CPU
		{8DE9E6F6-37FD-4EB1-A701-DE94B3519525}.Release|Any CPU.ActiveCfg = Release|Any CPU
		{8DE9E6F6-37FD-4EB1-A701-DE94B3519525}.Release|Any CPU.Build.0 = Release|Any CPU
		{BAAC72A1-E72C-4198-A9CD-778648E86413}.Debug|Any CPU.ActiveCfg = Debug|Any CPU
		{BAAC72A1-E72C-4198-A9CD-778648E86413}.Debug|Any CPU.Build.0 = Debug|Any CPU
		{BAAC72A1-E72C-4198-A9CD-778648E86413}.Release|Any CPU.ActiveCfg = Release|Any CPU
		{BAAC72A1-E72C-4198-A9CD-778648E86413}.Release|Any CPU.Build.0 = Release|Any CPU
	EndGlobalSection
	GlobalSection(SolutionProperties) = preSolution
		HideSolutionNode = FALSE
	EndGlobalSection
	GlobalSection(NestedProjects) = preSolution
		{995E2DE3-D5CE-4134-B84B-3BFD8E3F76DD} = {FB1DB43E-0D34-4B27-A1ED-EC92FBF540B6}
		{ECCD9171-1AD1-4E3E-AD9E-F2C767A30410} = {E63C38D2-84E2-4904-9A2B-853839890715}
		{4BB12734-A280-4BC9-B25E-853D3D3525D3} = {E63C38D2-84E2-4904-9A2B-853839890715}
		{FB1DB43E-0D34-4B27-A1ED-EC92FBF540B6} = {E63C38D2-84E2-4904-9A2B-853839890715}
		{C1F7302A-25C3-461D-BC96-3F889FB1750E} = {ECCD9171-1AD1-4E3E-AD9E-F2C767A30410}
		{8DE9E6F6-37FD-4EB1-A701-DE94B3519525} = {ECCD9171-1AD1-4E3E-AD9E-F2C767A30410}
		{BAAC72A1-E72C-4198-A9CD-778648E86413} = {4BB12734-A280-4BC9-B25E-853D3D3525D3}
	EndGlobalSection
EndGlobal
